
Microsoft Visual Studio Solution File, Format Version 12.00
# Visual Studio Version 16
VisualStudioVersion = 16.0.30621.155
MinimumVisualStudioVersion = 10.0.40219.1
Project("{8BC9CEB8-8B4A-11D0-8D11-00A0C91BC942}") = "ESPlugin", "ESPlugin.vcxproj", "{69E933D6-D3D7-4EF1-9EC0-8FE07FFB3E57}"
EndProject
Global
	GlobalSection(SolutionConfigurationPlatforms) = preSolution
		Debug|x64 = Debug|x64
		Debug|x86 = Debug|x86
		Release|x64 = Release|x64
		Release|x86 = Release|x86
	EndGlobalSection
	GlobalSection(ProjectConfigurationPlatforms) = postSolution
		{69E933D6-D3D7-4EF1-9EC0-8FE07FFB3E57}.Debug|x64.ActiveCfg = Debug|x64
		{69E933D6-D3D7-4EF1-9EC0-8FE07FFB3E57}.Debug|x64.Build.0 = Debug|x64
		{69E933D6-D3D7-4EF1-9EC0-8FE07FFB3E57}.Debug|x86.ActiveCfg = Debug|Win32
		{69E933D6-D3D7-4EF1-9EC0-8FE07FFB3E57}.Debug|x86.Build.0 = Debug|Win32
		{69E933D6-D3D7-4EF1-9EC0-8FE07FFB3E57}.Release|x64.ActiveCfg = Release|x64
		{69E933D6-D3D7-4EF1-9EC0-8FE07FFB3E57}.Release|x64.Build.0 = Release|x64
		{69E933D6-D3D7-4EF1-9EC0-8FE07FFB3E57}.Release|x86.ActiveCfg = Release|Win32
		{69E933D6-D3D7-4EF1-9EC0-8FE07FFB3E57}.Release|x86.Build.0 = Release|Win32
	EndGlobalSection
	GlobalSection(SolutionProperties) = preSolution
		HideSolutionNode = FALSE
	EndGlobalSection
	GlobalSection(ExtensibilityGlobals) = postSolution
		SolutionGuid = {08AEB3B7-6700-4B10-AE65-051F5FEB6358}
	EndGlobalSection
EndGlobal
